
Microsoft Visual Studio Solution File, Format Version 12.00
# Visual Studio Version 17
VisualStudioVersion = 17.1.32210.238
MinimumVisualStudioVersion = 10.0.40219.1
Project("{FAE04EC0-301F-11D3-BF4B-00C04F79EFBC}") = "Training", "Training\Training.csproj", "{C1F06C50-B202-49E9-9F9B-C74EEC7D9A39}"
EndProject
Global
	GlobalSection(SolutionConfigurationPlatforms) = preSolution
		Debug|Any CPU = Debug|Any CPU
		Release|Any CPU = Release|Any CPU
	EndGlobalSection
	GlobalSection(ProjectConfigurationPlatforms) = postSolution
		{C1F06C50-B202-49E9-9F9B-C74EEC7D9A39}.Debug|Any CPU.ActiveCfg = Debug|Any CPU
		{C1F06C50-B202-49E9-9F9B-C74EEC7D9A39}.Debug|Any CPU.Build.0 = Debug|Any CPU
		{C1F06C50-B202-49E9-9F9B-C74EEC7D9A39}.Release|Any CPU.ActiveCfg = Release|Any CPU
		{C1F06C50-B202-49E9-9F9B-C74EEC7D9A39}.Release|Any CPU.Build.0 = Release|Any CPU
	EndGlobalSection
	GlobalSection(SolutionProperties) = preSolution
		HideSolutionNode = FALSE
	EndGlobalSection
	GlobalSection(ExtensibilityGlobals) = postSolution
		SolutionGuid = {005AE9C7-0D77-490A-81E2-79A5794755CD}
	EndGlobalSection
EndGlobal
